<?xml version="1.0" encoding="utf-8"?>
<Project ToolsVersion="4.0" xmlns="http://schemas.microsoft.com/developer/msbuild/2003">
  <ItemGroup>
    <Filter Include="Source Files">
      <UniqueIdentifier>{4FC737F1-C7A5-4376-A066-2A32D752A2FF}</UniqueIdentifier>
      <Extensions>cpp;c;cc;cxx;def;odl;idl;hpj;bat;asm;asmx</Extensions>
    </Filter>
    <Filter Include="Header Files">
      <UniqueIdentifier>{93995380-89BD-4b04-88EB-625FBE52EBFB}</UniqueIdentifier>
      <Extensions>h;hpp;hxx;hm;inl;inc;xsd</Extensions>
    </Filter>
    <Filter Include="Resource Files">
      <UniqueIdentifier>{67DA6AB6-F800-4c08-8B7A-83BB121AAD01}</UniqueIdentifier>
      <Extensions>rc;ico;cur;bmp;dlg;rc2;rct;bin;rgs;gif;jpg;jpeg;jpe;resx;tiff;tif;png;wav;mfcribbon-ms</Extensions>
    </Filter>
  </ItemGroup>
  <ItemGroup>
    <None Include="ReadMe.txt" />
    <None Include="ClassDiagram1.cd" />
  </ItemGroup>
  <ItemGroup>
    <ClInclude Include="stdafx.h">
      <Filter>Header Files</Filter>
    </ClInclude>
    <ClInclude Include="targetver.h">
      <Filter>Header Files</Filter>
    </ClInclude>
    <ClInclude Include="TokenFinder.h">
      <Filter>Header Files</Filter>
    </ClInclude>
    <ClInclude Include="Tokenizer.h">
      <Filter>Header Files</Filter>
    </ClInclude>
    <ClInclude Include="DistanceHelper.h">
      <Filter>Header Files</Filter>
    </ClInclude>
    <ClInclude Include="CAnt.h">
      <Filter>Header Files</Filter>
    </ClInclude>
    <ClInclude Include="CAntColonySystem.h">
      <Filter>Header Files</Filter>
    </ClInclude>
    <ClInclude Include="CMinMaxAntSystem.h">
      <Filter>Header Files</Filter>
    </ClInclude>
    <ClInclude Include="CAntSystem.h">
      <Filter>Header Files</Filter>
    </ClInclude>
    <ClInclude Include="CElitistAntSystem.h">
      <Filter>Header Files</Filter>
    </ClInclude>
    <ClInclude Include="CGeneticSystem.h">
      <Filter>Header Files</Filter>
    </ClInclude>
    <ClInclude Include="CLocalSearch.h">
      <Filter>Header Files</Filter>
    </ClInclude>
    <ClInclude Include="CTSPLIBFileReader.h">
      <Filter>Header Files</Filter>
    </ClInclude>
    <ClInclude Include="CChromo.h">
      <Filter>Header Files</Filter>
    </ClInclude>
    <ClInclude Include="BestWorstAntSystem.h">
      <Filter>Header Files</Filter>
    </ClInclude>
    <ClInclude Include="Utils.h">
      <Filter>Header Files</Filter>
    </ClInclude>
    <ClInclude Include="PheroMatrix.h">
      <Filter>Header Files</Filter>
    </ClInclude>
  </ItemGroup>
  <ItemGroup>
    <ClCompile Include="stdafx.cpp">
      <Filter>Source Files</Filter>
    </ClCompile>
    <ClCompile Include="ant5.cpp">
      <Filter>Source Files</Filter>
    </ClCompile>
    <ClCompile Include="CAnt.cpp">
      <Filter>Source Files</Filter>
    </ClCompile>
    <ClCompile Include="CAntColonySystem.cpp">
      <Filter>Source Files</Filter>
    </ClCompile>
    <ClCompile Include="CMinMaxAntSystem.cpp">
      <Filter>Source Files</Filter>
    </ClCompile>
    <ClCompile Include="CAntSystem.cpp">
      <Filter>Source Files</Filter>
    </ClCompile>
    <ClCompile Include="CElitistAntSystem.cpp">
      <Filter>Source Files</Filter>
    </ClCompile>
    <ClCompile Include="CGeneticSystem.cpp">
      <Filter>Source Files</Filter>
    </ClCompile>
    <ClCompile Include="CTSPLIBFileReader.cpp">
      <Filter>Source Files</Filter>
    </ClCompile>
    <ClCompile Include="CChromo.cpp">
      <Filter>Source Files</Filter>
    </ClCompile>
    <ClCompile Include="BestWorstAntSystem.cpp">
      <Filter>Source Files</Filter>
    </ClCompile>
  </ItemGroup>
</Project>